
Microsoft Visual Studio Solution File, Format Version 12.00
# Visual Studio 2013
VisualStudioVersion = 12.0.31101.0
MinimumVisualStudioVersion = 10.0.40219.1
Project("{FAE04EC0-301F-11D3-BF4B-00C04F79EFBC}") = "JSurvey", "JSurvey\JSurvey.csproj", "{EADF3142-FEF9-4003-BAEB-20AD461D0263}"
EndProject
Project("{2150E333-8FDC-42A3-9474-1A3956D46DE8}") = "PublishScripts", "PublishScripts", "{BB5CA5D4-5D94-462F-89CF-24E100B9C6F0}"
	ProjectSection(SolutionItems) = preProject
		PublishScripts\AzureWebsitePublishModule.psm1 = PublishScripts\AzureWebsitePublishModule.psm1
		PublishScripts\Publish-WebApplicationWebsite.ps1 = PublishScripts\Publish-WebApplicationWebsite.ps1
	EndProjectSection
EndProject
Project("{2150E333-8FDC-42A3-9474-1A3956D46DE8}") = "Configurations", "Configurations", "{2D3862BA-E84A-4E4C-A94F-C1A00D58F767}"
	ProjectSection(SolutionItems) = preProject
		PublishScripts\Configurations\JSurvey-WAWS-dev.json = PublishScripts\Configurations\JSurvey-WAWS-dev.json
	EndProjectSection
EndProject
Project("{2150E333-8FDC-42A3-9474-1A3956D46DE8}") = ".nuget", ".nuget", "{0173B064-24AA-4993-BDDC-0B8719E92563}"
	ProjectSection(SolutionItems) = preProject
		.nuget\packages.config = .nuget\packages.config
	EndProjectSection
EndProject
Global
	GlobalSection(SolutionConfigurationPlatforms) = preSolution
		Debug|Any CPU = Debug|Any CPU
		Release|Any CPU = Release|Any CPU
	EndGlobalSection
	GlobalSection(ProjectConfigurationPlatforms) = postSolution
		{EADF3142-FEF9-4003-BAEB-20AD461D0263}.Debug|Any CPU.ActiveCfg = Debug|Any CPU
		{EADF3142-FEF9-4003-BAEB-20AD461D0263}.Debug|Any CPU.Build.0 = Debug|Any CPU
		{EADF3142-FEF9-4003-BAEB-20AD461D0263}.Release|Any CPU.ActiveCfg = Release|Any CPU
		{EADF3142-FEF9-4003-BAEB-20AD461D0263}.Release|Any CPU.Build.0 = Release|Any CPU
	EndGlobalSection
	GlobalSection(SolutionProperties) = preSolution
		HideSolutionNode = FALSE
	EndGlobalSection
	GlobalSection(NestedProjects) = preSolution
		{2D3862BA-E84A-4E4C-A94F-C1A00D58F767} = {BB5CA5D4-5D94-462F-89CF-24E100B9C6F0}
	EndGlobalSection
EndGlobal
